
Microsoft Visual Studio Solution File, Format Version 12.00
# Visual Studio 15
VisualStudioVersion = 15.0.28307.645
MinimumVisualStudioVersion = 10.0.40219.1
Project("{FAE04EC0-301F-11D3-BF4B-00C04F79EFBC}") = "YFK", "YFK\YFK.csproj", "{442A25D5-471E-4664-8EFB-01B07D38B25A}"
EndProject
Global
	GlobalSection(SolutionConfigurationPlatforms) = preSolution
		Debug|Any CPU = Debug|Any CPU
		Debug|x64 = Debug|x64
		Debug|x86 = Debug|x86
		Release|Any CPU = Release|Any CPU
		Release|x64 = Release|x64
		Release|x86 = Release|x86
	EndGlobalSection
	GlobalSection(ProjectConfigurationPlatforms) = postSolution
		{442A25D5-471E-4664-8EFB-01B07D38B25A}.Debug|Any CPU.ActiveCfg = Debug|Any CPU
		{442A25D5-471E-4664-8EFB-01B07D38B25A}.Debug|Any CPU.Build.0 = Debug|Any CPU
		{442A25D5-471E-4664-8EFB-01B07D38B25A}.Debug|x64.ActiveCfg = Debug|x64
		{442A25D5-471E-4664-8EFB-01B07D38B25A}.Debug|x64.Build.0 = Debug|x64
		{442A25D5-471E-4664-8EFB-01B07D38B25A}.Debug|x86.ActiveCfg = Debug|x86
		{442A25D5-471E-4664-8EFB-01B07D38B25A}.Debug|x86.Build.0 = Debug|x86
		{442A25D5-471E-4664-8EFB-01B07D38B25A}.Release|Any CPU.ActiveCfg = Release|Any CPU
		{442A25D5-471E-4664-8EFB-01B07D38B25A}.Release|Any CPU.Build.0 = Release|Any CPU
		{442A25D5-471E-4664-8EFB-01B07D38B25A}.Release|x64.ActiveCfg = Release|x64
		{442A25D5-471E-4664-8EFB-01B07D38B25A}.Release|x64.Build.0 = Release|x64
		{442A25D5-471E-4664-8EFB-01B07D38B25A}.Release|x86.ActiveCfg = Release|x86
		{442A25D5-471E-4664-8EFB-01B07D38B25A}.Release|x86.Build.0 = Release|x86
	EndGlobalSection
	GlobalSection(SolutionProperties) = preSolution
		HideSolutionNode = FALSE
	EndGlobalSection
	GlobalSection(ExtensibilityGlobals) = postSolution
		SolutionGuid = {FFD81EAA-255E-46E7-A773-E0F931029AAF}
	EndGlobalSection
EndGlobal
